
Microsoft Visual Studio Solution File, Format Version 12.00
# Visual Studio Version 16
VisualStudioVersion = 16.0.31205.134
MinimumVisualStudioVersion = 10.0.40219.1
Project("{FAE04EC0-301F-11D3-BF4B-00C04F79EFBC}") = "EntityComponentSystem", "ECS\EntityComponentSystem.csproj", "{60ECF95E-EBB2-4A8F-86E7-ABCA8AE1A3EE}"
EndProject
Global
	GlobalSection(SolutionConfigurationPlatforms) = preSolution
		Debug|Any CPU = Debug|Any CPU
		Release|Any CPU = Release|Any CPU
	EndGlobalSection
	GlobalSection(ProjectConfigurationPlatforms) = postSolution
		{60ECF95E-EBB2-4A8F-86E7-ABCA8AE1A3EE}.Debug|Any CPU.ActiveCfg = Debug|Any CPU
		{60ECF95E-EBB2-4A8F-86E7-ABCA8AE1A3EE}.Debug|Any CPU.Build.0 = Debug|Any CPU
		{60ECF95E-EBB2-4A8F-86E7-ABCA8AE1A3EE}.Release|Any CPU.ActiveCfg = Release|Any CPU
		{60ECF95E-EBB2-4A8F-86E7-ABCA8AE1A3EE}.Release|Any CPU.Build.0 = Release|Any CPU
	EndGlobalSection
	GlobalSection(SolutionProperties) = preSolution
		HideSolutionNode = FALSE
	EndGlobalSection
	GlobalSection(ExtensibilityGlobals) = postSolution
		SolutionGuid = {F5F60CCD-8847-472D-9383-A284E9B1876A}
	EndGlobalSection
EndGlobal
